
Microsoft Visual Studio Solution File, Format Version 12.00
# Visual Studio 2012
Project("{FAE04EC0-301F-11D3-BF4B-00C04F79EFBC}") = "MvcApplication1", "MvcApplication1\MvcApplication1.csproj", "{EFBBD2B8-4576-42C5-A9B5-B5EB41F9D9E8}"
EndProject
Project("{2150E333-8FDC-42A3-9474-1A3956D46DE8}") = ".nuget", ".nuget", "{4CC2C298-B75C-4CD7-956A-9DF25FE835B1}"
	ProjectSection(SolutionItems) = preProject
		.nuget\NuGet.Config = .nuget\NuGet.Config
		.nuget\NuGet.exe = .nuget\NuGet.exe
		.nuget\NuGet.targets = .nuget\NuGet.targets
	EndProjectSection
EndProject
Global
	GlobalSection(SolutionConfigurationPlatforms) = preSolution
		Debug|Any CPU = Debug|Any CPU
		Release|Any CPU = Release|Any CPU
	EndGlobalSection
	GlobalSection(ProjectConfigurationPlatforms) = postSolution
		{EFBBD2B8-4576-42C5-A9B5-B5EB41F9D9E8}.Debug|Any CPU.ActiveCfg = Debug|Any CPU
		{EFBBD2B8-4576-42C5-A9B5-B5EB41F9D9E8}.Debug|Any CPU.Build.0 = Debug|Any CPU
		{EFBBD2B8-4576-42C5-A9B5-B5EB41F9D9E8}.Release|Any CPU.ActiveCfg = Release|Any CPU
		{EFBBD2B8-4576-42C5-A9B5-B5EB41F9D9E8}.Release|Any CPU.Build.0 = Release|Any CPU
	EndGlobalSection
	GlobalSection(SolutionProperties) = preSolution
		HideSolutionNode = FALSE
	EndGlobalSection
EndGlobal
